
Microsoft Visual Studio Solution File, Format Version 12.00
# Visual Studio Version 17
VisualStudioVersion = 17.13.35828.75
MinimumVisualStudioVersion = 10.0.40219.1
Project("{FAE04EC0-301F-11D3-BF4B-00C04F79EFBC}") = "TransportManagementSystem", "TransportManagementSystem\TransportManagementSystem.csproj", "{1B252B8A-6BE0-46C4-9B08-7D568A8E2041}"
EndProject
Project("{FAE04EC0-301F-11D3-BF4B-00C04F79EFBC}") = "TransportManagementSystem.test", "TransportManagementSystem.test\TransportManagementSystem.test.csproj", "{8DE61ADB-7ECB-45FC-82BF-ACD3A1E06971}"
EndProject
Global
	GlobalSection(SolutionConfigurationPlatforms) = preSolution
		Debug|Any CPU = Debug|Any CPU
		Release|Any CPU = Release|Any CPU
	EndGlobalSection
	GlobalSection(ProjectConfigurationPlatforms) = postSolution
		{1B252B8A-6BE0-46C4-9B08-7D568A8E2041}.Debug|Any CPU.ActiveCfg = Debug|Any CPU
		{1B252B8A-6BE0-46C4-9B08-7D568A8E2041}.Debug|Any CPU.Build.0 = Debug|Any CPU
		{1B252B8A-6BE0-46C4-9B08-7D568A8E2041}.Release|Any CPU.ActiveCfg = Release|Any CPU
		{1B252B8A-6BE0-46C4-9B08-7D568A8E2041}.Release|Any CPU.Build.0 = Release|Any CPU
		{8DE61ADB-7ECB-45FC-82BF-ACD3A1E06971}.Debug|Any CPU.ActiveCfg = Debug|Any CPU
		{8DE61ADB-7ECB-45FC-82BF-ACD3A1E06971}.Debug|Any CPU.Build.0 = Debug|Any CPU
		{8DE61ADB-7ECB-45FC-82BF-ACD3A1E06971}.Release|Any CPU.ActiveCfg = Release|Any CPU
		{8DE61ADB-7ECB-45FC-82BF-ACD3A1E06971}.Release|Any CPU.Build.0 = Release|Any CPU
	EndGlobalSection
	GlobalSection(SolutionProperties) = preSolution
		HideSolutionNode = FALSE
	EndGlobalSection
	GlobalSection(ExtensibilityGlobals) = postSolution
		SolutionGuid = {9F1405A2-9382-4267-9A9B-4D275E80015A}
	EndGlobalSection
EndGlobal
